
Microsoft Visual Studio Solution File, Format Version 12.00
# Visual Studio Version 16
VisualStudioVersion = 16.0.30114.105
MinimumVisualStudioVersion = 10.0.40219.1
Project("{9A19103F-16F7-4668-BE54-9A1E7A4F7556}") = "AutoLot.Models", "AutoLot.Models\AutoLot.Models.csproj", "{F37B3239-50B0-4BA6-8309-CEB06D6E97BA}"
EndProject
Project("{9A19103F-16F7-4668-BE54-9A1E7A4F7556}") = "AutoLot.Dal", "AutoLot.Dal\AutoLot.Dal.csproj", "{944EED00-BBFB-4227-952B-A4BAC348C58D}"
EndProject
Project("{9A19103F-16F7-4668-BE54-9A1E7A4F7556}") = "AutoLot.Dal.Tests", "AutoLot.Dal.Tests\AutoLot.Dal.Tests.csproj", "{B0F953E7-2313-458D-A00D-E22ACC257E1C}"
EndProject
Project("{9A19103F-16F7-4668-BE54-9A1E7A4F7556}") = "AutoLot.Services", "AutoLot.Services\AutoLot.Services.csproj", "{D7F7C4B0-3E15-40CF-99A0-F6C9B2BE2A78}"
EndProject
Project("{9A19103F-16F7-4668-BE54-9A1E7A4F7556}") = "AutoLot.Mvc", "AutoLot.Mvc\AutoLot.Mvc.csproj", "{5E1FB8D9-6345-4AE3-BB60-B35268E3E920}"
EndProject
Project("{2150E333-8FDC-42A3-9474-1A3956D46DE8}") = "Solution Items", "Solution Items", "{A25E2ACB-8F4A-405A-9FB1-130B501F096D}"
	ProjectSection(SolutionItems) = preProject
		Lab2.txt = Lab2.txt
	EndProjectSection
EndProject
Global
	GlobalSection(SolutionConfigurationPlatforms) = preSolution
		Debug|Any CPU = Debug|Any CPU
		Debug|x64 = Debug|x64
		Debug|x86 = Debug|x86
		Release|Any CPU = Release|Any CPU
		Release|x64 = Release|x64
		Release|x86 = Release|x86
	EndGlobalSection
	GlobalSection(ProjectConfigurationPlatforms) = postSolution
		{F37B3239-50B0-4BA6-8309-CEB06D6E97BA}.Debug|Any CPU.ActiveCfg = Debug|Any CPU
		{F37B3239-50B0-4BA6-8309-CEB06D6E97BA}.Debug|Any CPU.Build.0 = Debug|Any CPU
		{F37B3239-50B0-4BA6-8309-CEB06D6E97BA}.Debug|x64.ActiveCfg = Debug|Any CPU
		{F37B3239-50B0-4BA6-8309-CEB06D6E97BA}.Debug|x64.Build.0 = Debug|Any CPU
		{F37B3239-50B0-4BA6-8309-CEB06D6E97BA}.Debug|x86.ActiveCfg = Debug|Any CPU
		{F37B3239-50B0-4BA6-8309-CEB06D6E97BA}.Debug|x86.Build.0 = Debug|Any CPU
		{F37B3239-50B0-4BA6-8309-CEB06D6E97BA}.Release|Any CPU.ActiveCfg = Release|Any CPU
		{F37B3239-50B0-4BA6-8309-CEB06D6E97BA}.Release|Any CPU.Build.0 = Release|Any CPU
		{F37B3239-50B0-4BA6-8309-CEB06D6E97BA}.Release|x64.ActiveCfg = Release|Any CPU
		{F37B3239-50B0-4BA6-8309-CEB06D6E97BA}.Release|x64.Build.0 = Release|Any CPU
		{F37B3239-50B0-4BA6-8309-CEB06D6E97BA}.Release|x86.ActiveCfg = Release|Any CPU
		{F37B3239-50B0-4BA6-8309-CEB06D6E97BA}.Release|x86.Build.0 = Release|Any CPU
		{944EED00-BBFB-4227-952B-A4BAC348C58D}.Debug|Any CPU.ActiveCfg = Debug|Any CPU
		{944EED00-BBFB-4227-952B-A4BAC348C58D}.Debug|Any CPU.Build.0 = Debug|Any CPU
		{944EED00-BBFB-4227-952B-A4BAC348C58D}.Debug|x64.ActiveCfg = Debug|Any CPU
		{944EED00-BBFB-4227-952B-A4BAC348C58D}.Debug|x64.Build.0 = Debug|Any CPU
		{944EED00-BBFB-4227-952B-A4BAC348C58D}.Debug|x86.ActiveCfg = Debug|Any CPU
		{944EED00-BBFB-4227-952B-A4BAC348C58D}.Debug|x86.Build.0 = Debug|Any CPU
		{944EED00-BBFB-4227-952B-A4BAC348C58D}.Release|Any CPU.ActiveCfg = Release|Any CPU
		{944EED00-BBFB-4227-952B-A4BAC348C58D}.Release|Any CPU.Build.0 = Release|Any CPU
		{944EED00-BBFB-4227-952B-A4BAC348C58D}.Release|x64.ActiveCfg = Release|Any CPU
		{944EED00-BBFB-4227-952B-A4BAC348C58D}.Release|x64.Build.0 = Release|Any CPU
		{944EED00-BBFB-4227-952B-A4BAC348C58D}.Release|x86.ActiveCfg = Release|Any CPU
		{944EED00-BBFB-4227-952B-A4BAC348C58D}.Release|x86.Build.0 = Release|Any CPU
		{B0F953E7-2313-458D-A00D-E22ACC257E1C}.Debug|Any CPU.ActiveCfg = Debug|Any CPU
		{B0F953E7-2313-458D-A00D-E22ACC257E1C}.Debug|Any CPU.Build.0 = Debug|Any CPU
		{B0F953E7-2313-458D-A00D-E22ACC257E1C}.Debug|x64.ActiveCfg = Debug|Any CPU
		{B0F953E7-2313-458D-A00D-E22ACC257E1C}.Debug|x64.Build.0 = Debug|Any CPU
		{B0F953E7-2313-458D-A00D-E22ACC257E1C}.Debug|x86.ActiveCfg = Debug|Any CPU
		{B0F953E7-2313-458D-A00D-E22ACC257E1C}.Debug|x86.Build.0 = Debug|Any CPU
		{B0F953E7-2313-458D-A00D-E22ACC257E1C}.Release|Any CPU.ActiveCfg = Release|Any CPU
		{B0F953E7-2313-458D-A00D-E22ACC257E1C}.Release|Any CPU.Build.0 = Release|Any CPU
		{B0F953E7-2313-458D-A00D-E22ACC257E1C}.Release|x64.ActiveCfg = Release|Any CPU
		{B0F953E7-2313-458D-A00D-E22ACC257E1C}.Release|x64.Build.0 = Release|Any CPU
		{B0F953E7-2313-458D-A00D-E22ACC257E1C}.Release|x86.ActiveCfg = Release|Any CPU
		{B0F953E7-2313-458D-A00D-E22ACC257E1C}.Release|x86.Build.0 = Release|Any CPU
		{D7F7C4B0-3E15-40CF-99A0-F6C9B2BE2A78}.Debug|Any CPU.ActiveCfg = Debug|Any CPU
		{D7F7C4B0-3E15-40CF-99A0-F6C9B2BE2A78}.Debug|Any CPU.Build.0 = Debug|Any CPU
		{D7F7C4B0-3E15-40CF-99A0-F6C9B2BE2A78}.Debug|x64.ActiveCfg = Debug|Any CPU
		{D7F7C4B0-3E15-40CF-99A0-F6C9B2BE2A78}.Debug|x64.Build.0 = Debug|Any CPU
		{D7F7C4B0-3E15-40CF-99A0-F6C9B2BE2A78}.Debug|x86.ActiveCfg = Debug|Any CPU
		{D7F7C4B0-3E15-40CF-99A0-F6C9B2BE2A78}.Debug|x86.Build.0 = Debug|Any CPU
		{D7F7C4B0-3E15-40CF-99A0-F6C9B2BE2A78}.Release|Any CPU.ActiveCfg = Release|Any CPU
		{D7F7C4B0-3E15-40CF-99A0-F6C9B2BE2A78}.Release|Any CPU.Build.0 = Release|Any CPU
		{D7F7C4B0-3E15-40CF-99A0-F6C9B2BE2A78}.Release|x64.ActiveCfg = Release|Any CPU
		{D7F7C4B0-3E15-40CF-99A0-F6C9B2BE2A78}.Release|x64.Build.0 = Release|Any CPU
		{D7F7C4B0-3E15-40CF-99A0-F6C9B2BE2A78}.Release|x86.ActiveCfg = Release|Any CPU
		{D7F7C4B0-3E15-40CF-99A0-F6C9B2BE2A78}.Release|x86.Build.0 = Release|Any CPU
		{5E1FB8D9-6345-4AE3-BB60-B35268E3E920}.Debug|Any CPU.ActiveCfg = Debug|Any CPU
		{5E1FB8D9-6345-4AE3-BB60-B35268E3E920}.Debug|Any CPU.Build.0 = Debug|Any CPU
		{5E1FB8D9-6345-4AE3-BB60-B35268E3E920}.Debug|x64.ActiveCfg = Debug|Any CPU
		{5E1FB8D9-6345-4AE3-BB60-B35268E3E920}.Debug|x64.Build.0 = Debug|Any CPU
		{5E1FB8D9-6345-4AE3-BB60-B35268E3E920}.Debug|x86.ActiveCfg = Debug|Any CPU
		{5E1FB8D9-6345-4AE3-BB60-B35268E3E920}.Debug|x86.Build.0 = Debug|Any CPU
		{5E1FB8D9-6345-4AE3-BB60-B35268E3E920}.Release|Any CPU.ActiveCfg = Release|Any CPU
		{5E1FB8D9-6345-4AE3-BB60-B35268E3E920}.Release|Any CPU.Build.0 = Release|Any CPU
		{5E1FB8D9-6345-4AE3-BB60-B35268E3E920}.Release|x64.ActiveCfg = Release|Any CPU
		{5E1FB8D9-6345-4AE3-BB60-B35268E3E920}.Release|x64.Build.0 = Release|Any CPU
		{5E1FB8D9-6345-4AE3-BB60-B35268E3E920}.Release|x86.ActiveCfg = Release|Any CPU
		{5E1FB8D9-6345-4AE3-BB60-B35268E3E920}.Release|x86.Build.0 = Release|Any CPU
	EndGlobalSection
	GlobalSection(SolutionProperties) = preSolution
		HideSolutionNode = FALSE
	EndGlobalSection
	GlobalSection(ExtensibilityGlobals) = postSolution
		SolutionGuid = {AEA071F5-11D3-4B46-A365-D69CB8B80C96}
	EndGlobalSection
EndGlobal
